PODS:
  - Flutter (1.0.0)
  - rewamp_audio (0.0.1):
    - Flutter

DEPENDENCIES:
  - Flutter (from `Flutter`)
  - rewamp_audio (from `.symlinks/plugins/rewamp_audio/ios`)

EXTERNAL SOURCES:
  Flutter:
    :path: Flutter
  rewamp_audio:
    :path: ".symlinks/plugins/rewamp_audio/ios"

SPEC CHECKSUMS:
  Flutter: 71a624a5bc0c04062bf19101d501e466baf2fb47
  rewamp_audio: 4267baba18307e42cdfb127dd4204e5f8f5dee70

PODFILE CHECKSUM: 722b7734304ceafa6a1a0eafe4ec254b1478368b

COCOAPODS: 1.17.0
